// !$*UTF8*$!
{
	archiveVersion = 1;
	classes = {
	};
	objectVersion = 56;
	objects = {

/* Begin PBXBuildFile section */
		1E7A25242CC1F5940080D18A /* AudioToolDataSource.m in Sources */ = {isa = PBXBuildFile; fileRef = 1E7A25232CC1F5940080D18A /* AudioToolDataSource.m */; };
		1E7A25272CC200590080D18A /* TAIOralEvaluationRetV2.m in Sources */ = {isa = PBXBuildFile; fileRef = 1E7A25262CC200590080D18A /* TAIOralEvaluationRetV2.m */; };
		1E7A252A2CC215F60080D18A /* ConfigFileViewController.m in Sources */ = {isa = PBXBuildFile; fileRef = 1E7A25292CC215F60080D18A /* ConfigFileViewController.m */; };
		1E7A25332CC231B10080D18A /* AudioFileTool.swift in Sources */ = {isa = PBXBuildFile; fileRef = 1E7A25322CC231B10080D18A /* AudioFileTool.swift */; };
		1E8419452CC0BCBE005E1439 /* PrivateInfo.m in Sources */ = {isa = PBXBuildFile; fileRef = 1E8419442CC0BCBE005E1439 /* PrivateInfo.m */; };
		1E8419472CC0C2A7005E1439 /* SOE.swift in Sources */ = {isa = PBXBuildFile; fileRef = 1E8419462CC0C2A7005E1439 /* SOE.swift */; };
		1E8419632CC0E0E8005E1439 /* 58DE9407-D2C6-4354-BB75-1EADB71B2890.mp3 in Resources */ = {isa = PBXBuildFile; fileRef = 1E84195F2CC0E0E8005E1439 /* 58DE9407-D2C6-4354-BB75-1EADB71B2890.mp3 */; };
		1E8419642CC0E0E8005E1439 /* 2024-10-16_10-00-23.wav in Resources */ = {isa = PBXBuildFile; fileRef = 1E84195B2CC0E0E8005E1439 /* 2024-10-16_10-00-23.wav */; };
		1E8419652CC0E0E8005E1439 /* 2024-10-16_11-21-36.wav in Resources */ = {isa = PBXBuildFile; fileRef = 1E8419482CC0E0E8005E1439 /* 2024-10-16_11-21-36.wav */; };
		1E8419662CC0E0E8005E1439 /* 2024-10-16_11-38-00.wav in Resources */ = {isa = PBXBuildFile; fileRef = 1E8419542CC0E0E8005E1439 /* 2024-10-16_11-38-00.wav */; };
		1E8419672CC0E0E8005E1439 /* 2024-10-16_11-23-46.wav in Resources */ = {isa = PBXBuildFile; fileRef = 1E84194F2CC0E0E8005E1439 /* 2024-10-16_11-23-46.wav */; };
		1E8419682CC0E0E8005E1439 /* 2024-10-16_11-37-48.wav in Resources */ = {isa = PBXBuildFile; fileRef = 1E8419522CC0E0E8005E1439 /* 2024-10-16_11-37-48.wav */; };
		1E8419692CC0E0E8005E1439 /* 2024-10-16_10-00-27.wav in Resources */ = {isa = PBXBuildFile; fileRef = 1E84195C2CC0E0E8005E1439 /* 2024-10-16_10-00-27.wav */; };
		1E84196A2CC0E0E8005E1439 /* 2024-10-16_11-38-07.wav in Resources */ = {isa = PBXBuildFile; fileRef = 1E8419562CC0E0E8005E1439 /* 2024-10-16_11-38-07.wav */; };
		1E84196B2CC0E0E8005E1439 /* 2024-10-16_11-23-35.wav in Resources */ = {isa = PBXBuildFile; fileRef = 1E84194D2CC0E0E8005E1439 /* 2024-10-16_11-23-35.wav */; };
		1E84196C2CC0E0E8005E1439 /* 2024-10-16_11-23-33.wav in Resources */ = {isa = PBXBuildFile; fileRef = 1E84194C2CC0E0E8005E1439 /* 2024-10-16_11-23-33.wav */; };
		1E84196D2CC0E0E8005E1439 /* BB9C2721-9D01-41B9-883B-7FA840F41E6F.mp3 in Resources */ = {isa = PBXBuildFile; fileRef = 1E8419602CC0E0E8005E1439 /* BB9C2721-9D01-41B9-883B-7FA840F41E6F.mp3 */; };
		1E84196E2CC0E0E8005E1439 /* 1E9E9126-37F1-4E97-A5BF-FABCFE4715C0.mp3 in Resources */ = {isa = PBXBuildFile; fileRef = 1E84195E2CC0E0E8005E1439 /* 1E9E9126-37F1-4E97-A5BF-FABCFE4715C0.mp3 */; };
		1E84196F2CC0E0E8005E1439 /* 2024-10-16_11-23-21.wav in Resources */ = {isa = PBXBuildFile; fileRef = 1E84194B2CC0E0E8005E1439 /* 2024-10-16_11-23-21.wav */; };
		1E8419702CC0E0E8005E1439 /* 2024-10-16_11-23-17.wav in Resources */ = {isa = PBXBuildFile; fileRef = 1E84194A2CC0E0E8005E1439 /* 2024-10-16_11-23-17.wav */; };
		1E8419712CC0E0E8005E1439 /* 2024-10-16_11-37-56.wav in Resources */ = {isa = PBXBuildFile; fileRef = 1E8419532CC0E0E8005E1439 /* 2024-10-16_11-37-56.wav */; };
		1E8419722CC0E0E8005E1439 /* 2024-10-16_09-57-29.wav in Resources */ = {isa = PBXBuildFile; fileRef = 1E8419592CC0E0E8005E1439 /* 2024-10-16_09-57-29.wav */; };
		1E8419732CC0E0E8005E1439 /* 2024-10-16_09-58-51.wav in Resources */ = {isa = PBXBuildFile; fileRef = 1E84195A2CC0E0E8005E1439 /* 2024-10-16_09-58-51.wav */; };
		1E8419742CC0E0E8005E1439 /* 2024-10-16_11-37-44.wav in Resources */ = {isa = PBXBuildFile; fileRef = 1E8419512CC0E0E8005E1439 /* 2024-10-16_11-37-44.wav */; };
		1E8419752CC0E0E8005E1439 /* 2024-10-16_11-38-04.wav in Resources */ = {isa = PBXBuildFile; fileRef = 1E8419552CC0E0E8005E1439 /* 2024-10-16_11-38-04.wav */; };
		1E8419762CC0E0E8005E1439 /* 2024-10-16_11-23-43.wav in Resources */ = {isa = PBXBuildFile; fileRef = 1E84194E2CC0E0E8005E1439 /* 2024-10-16_11-23-43.wav */; };
		6E98701C941F57B97D5335D5 /* Pods_demo.framework in Frameworks */ = {isa = PBXBuildFile; fileRef = 66D3755D1942909FCBC58EFD /* Pods_demo.framework */; };
		7E2FC9A52BFEEE3800077232 /* AppDelegate.m in Sources */ = {isa = PBXBuildFile; fileRef = 7E2FC9A42BFEEE3800077232 /* AppDelegate.m */; };
		7E2FC9A82BFEEE3800077232 /* SceneDelegate.m in Sources */ = {isa = PBXBuildFile; fileRef = 7E2FC9A72BFEEE3800077232 /* SceneDelegate.m */; };
		7E2FC9AB2BFEEE3800077232 /* ViewController.m in Sources */ = {isa = PBXBuildFile; fileRef = 7E2FC9AA2BFEEE3800077232 /* ViewController.m */; };
		7E2FC9AE2BFEEE3800077232 /* Main.storyboard in Resources */ = {isa = PBXBuildFile; fileRef = 7E2FC9AC2BFEEE3800077232 /* Main.storyboard */; };
		7E2FC9B02BFEEE3900077232 /* Assets.xcassets in Resources */ = {isa = PBXBuildFile; fileRef = 7E2FC9AF2BFEEE3900077232 /* Assets.xcassets */; };
		7E2FC9B32BFEEE3900077232 /* LaunchScreen.storyboard in Resources */ = {isa = PBXBuildFile; fileRef = 7E2FC9B12BFEEE3900077232 /* LaunchScreen.storyboard */; };
		7E2FC9B62BFEEE3900077232 /* main.m in Sources */ = {isa = PBXBuildFile; fileRef = 7E2FC9B52BFEEE3900077232 /* main.m */; };
		7E2FC9E82BFF3A7700077232 /* OralEvaluationViewController.m in Sources */ = {isa = PBXBuildFile; fileRef = 7E2FC9E72BFF3A7700077232 /* OralEvaluationViewController.m */; };
		7E2FC9EB2BFF3CF100077232 /* TableViewController.m in Sources */ = {isa = PBXBuildFile; fileRef = 7E2FC9EA2BFF3CF100077232 /* TableViewController.m */; };
		7E2FC9FE2BFF476D00077232 /* FileDataSource.m in Sources */ = {isa = PBXBuildFile; fileRef = 7E2FC9F82BFF476D00077232 /* FileDataSource.m */; };
		7E40DB072C08537000E06118 /* how_are_you.pcm in Resources */ = {isa = PBXBuildFile; fileRef = 7E40DB052C08537000E06118 /* how_are_you.pcm */; };
		7E40DB082C08537000E06118 /* how_are_you.mp3 in Resources */ = {isa = PBXBuildFile; fileRef = 7E40DB062C08537000E06118 /* how_are_you.mp3 */; };
		7E988BA42C0080D300F87DA5 /* UserInfo.m in Sources */ = {isa = PBXBuildFile; fileRef = 7E988BA32C0080D300F87DA5 /* UserInfo.m */; };
		7E988BA72C00852A00F87DA5 /* ConfigViewController.m in Sources */ = {isa = PBXBuildFile; fileRef = 7E988BA62C00852A00F87DA5 /* ConfigViewController.m */; };
		7E988BB12C0090A700F87DA5 /* Slider.m in Sources */ = {isa = PBXBuildFile; fileRef = 7E988BB02C0090A700F87DA5 /* Slider.m */; };
		7E988BB42C009DF300F87DA5 /* RecordDataSource.m in Sources */ = {isa = PBXBuildFile; fileRef = 7E988BB32C009DF300F87DA5 /* RecordDataSource.m */; };
		7E988BC32C05B94A00F87DA5 /* QCloudSOE.xcframework in Frameworks */ = {isa = PBXBuildFile; fileRef = 7E988BC22C05B94A00F87DA5 /* QCloudSOE.xcframework */; };
/* End PBXBuildFile section */

/* Begin PBXFileReference section */
		1E7A25222CC1F5940080D18A /* AudioToolDataSource.h */ = {isa = PBXFileReference; lastKnownFileType = sourcecode.c.h; path = AudioToolDataSource.h; sourceTree = "<group>"; };
		1E7A25232CC1F5940080D18A /* AudioToolDataSource.m */ = {isa = PBXFileReference; explicitFileType = sourcecode.cpp.objcpp; path = AudioToolDataSource.m; sourceTree = "<group>"; };
		1E7A25252CC200590080D18A /* TAIOralEvaluationRetV2.h */ = {isa = PBXFileReference; lastKnownFileType = sourcecode.c.h; path = TAIOralEvaluationRetV2.h; sourceTree = "<group>"; };
		1E7A25262CC200590080D18A /* TAIOralEvaluationRetV2.m */ = {isa = PBXFileReference; lastKnownFileType = sourcecode.c.objc; path = TAIOralEvaluationRetV2.m; sourceTree = "<group>"; };
		1E7A25282CC215F60080D18A /* ConfigFileViewController.h */ = {isa = PBXFileReference; lastKnownFileType = sourcecode.c.h; path = ConfigFileViewController.h; sourceTree = "<group>"; };
		1E7A25292CC215F60080D18A /* ConfigFileViewController.m */ = {isa = PBXFileReference; lastKnownFileType = sourcecode.c.objc; path = ConfigFileViewController.m; sourceTree = "<group>"; };
		1E7A25322CC231B10080D18A /* AudioFileTool.swift */ = {isa = PBXFileReference; lastKnownFileType = sourcecode.swift; path = AudioFileTool.swift; sourceTree = "<group>"; };
		1E8419422CC0BBEF005E1439 /* demo-Bridging-Header.h */ = {isa = PBXFileReference; lastKnownFileType = sourcecode.c.h; path = "demo-Bridging-Header.h"; sourceTree = "<group>"; };
		1E8419432CC0BCBE005E1439 /* PrivateInfo.h */ = {isa = PBXFileReference; lastKnownFileType = sourcecode.c.h; path = PrivateInfo.h; sourceTree = "<group>"; };
		1E8419442CC0BCBE005E1439 /* PrivateInfo.m */ = {isa = PBXFileReference; lastKnownFileType = sourcecode.c.objc; path = PrivateInfo.m; sourceTree = "<group>"; };
		1E8419462CC0C2A7005E1439 /* SOE.swift */ = {isa = PBXFileReference; lastKnownFileType = sourcecode.swift; path = SOE.swift; sourceTree = "<group>"; };
		1E8419482CC0E0E8005E1439 /* 2024-10-16_11-21-36.wav */ = {isa = PBXFileReference; lastKnownFileType = audio.wav; path = "2024-10-16_11-21-36.wav"; sourceTree = "<group>"; };
		1E84194A2CC0E0E8005E1439 /* 2024-10-16_11-23-17.wav */ = {isa = PBXFileReference; lastKnownFileType = audio.wav; path = "2024-10-16_11-23-17.wav"; sourceTree = "<group>"; };
		1E84194B2CC0E0E8005E1439 /* 2024-10-16_11-23-21.wav */ = {isa = PBXFileReference; lastKnownFileType = audio.wav; path = "2024-10-16_11-23-21.wav"; sourceTree = "<group>"; };
		1E84194C2CC0E0E8005E1439 /* 2024-10-16_11-23-33.wav */ = {isa = PBXFileReference; lastKnownFileType = audio.wav; path = "2024-10-16_11-23-33.wav"; sourceTree = "<group>"; };
		1E84194D2CC0E0E8005E1439 /* 2024-10-16_11-23-35.wav */ = {isa = PBXFileReference; lastKnownFileType = audio.wav; path = "2024-10-16_11-23-35.wav"; sourceTree = "<group>"; };
		1E84194E2CC0E0E8005E1439 /* 2024-10-16_11-23-43.wav */ = {isa = PBXFileReference; lastKnownFileType = audio.wav; path = "2024-10-16_11-23-43.wav"; sourceTree = "<group>"; };
		1E84194F2CC0E0E8005E1439 /* 2024-10-16_11-23-46.wav */ = {isa = PBXFileReference; lastKnownFileType = audio.wav; path = "2024-10-16_11-23-46.wav"; sourceTree = "<group>"; };
		1E8419512CC0E0E8005E1439 /* 2024-10-16_11-37-44.wav */ = {isa = PBXFileReference; lastKnownFileType = audio.wav; path = "2024-10-16_11-37-44.wav"; sourceTree = "<group>"; };
		1E8419522CC0E0E8005E1439 /* 2024-10-16_11-37-48.wav */ = {isa = PBXFileReference; lastKnownFileType = audio.wav; path = "2024-10-16_11-37-48.wav"; sourceTree = "<group>"; };
		1E8419532CC0E0E8005E1439 /* 2024-10-16_11-37-56.wav */ = {isa = PBXFileReference; lastKnownFileType = audio.wav; path = "2024-10-16_11-37-56.wav"; sourceTree = "<group>"; };
		1E8419542CC0E0E8005E1439 /* 2024-10-16_11-38-00.wav */ = {isa = PBXFileReference; lastKnownFileType = audio.wav; path = "2024-10-16_11-38-00.wav"; sourceTree = "<group>"; };
		1E8419552CC0E0E8005E1439 /* 2024-10-16_11-38-04.wav */ = {isa = PBXFileReference; lastKnownFileType = audio.wav; path = "2024-10-16_11-38-04.wav"; sourceTree = "<group>"; };
		1E8419562CC0E0E8005E1439 /* 2024-10-16_11-38-07.wav */ = {isa = PBXFileReference; lastKnownFileType = audio.wav; path = "2024-10-16_11-38-07.wav"; sourceTree = "<group>"; };
		1E8419592CC0E0E8005E1439 /* 2024-10-16_09-57-29.wav */ = {isa = PBXFileReference; lastKnownFileType = audio.wav; path = "2024-10-16_09-57-29.wav"; sourceTree = "<group>"; };
		1E84195A2CC0E0E8005E1439 /* 2024-10-16_09-58-51.wav */ = {isa = PBXFileReference; lastKnownFileType = audio.wav; path = "2024-10-16_09-58-51.wav"; sourceTree = "<group>"; };
		1E84195B2CC0E0E8005E1439 /* 2024-10-16_10-00-23.wav */ = {isa = PBXFileReference; lastKnownFileType = audio.wav; path = "2024-10-16_10-00-23.wav"; sourceTree = "<group>"; };
		1E84195C2CC0E0E8005E1439 /* 2024-10-16_10-00-27.wav */ = {isa = PBXFileReference; lastKnownFileType = audio.wav; path = "2024-10-16_10-00-27.wav"; sourceTree = "<group>"; };
		1E84195E2CC0E0E8005E1439 /* 1E9E9126-37F1-4E97-A5BF-FABCFE4715C0.mp3 */ = {isa = PBXFileReference; lastKnownFileType = audio.mp3; path = "1E9E9126-37F1-4E97-A5BF-FABCFE4715C0.mp3"; sourceTree = "<group>"; };
		1E84195F2CC0E0E8005E1439 /* 58DE9407-D2C6-4354-BB75-1EADB71B2890.mp3 */ = {isa = PBXFileReference; lastKnownFileType = audio.mp3; path = "58DE9407-D2C6-4354-BB75-1EADB71B2890.mp3"; sourceTree = "<group>"; };
		1E8419602CC0E0E8005E1439 /* BB9C2721-9D01-41B9-883B-7FA840F41E6F.mp3 */ = {isa = PBXFileReference; lastKnownFileType = audio.mp3; path = "BB9C2721-9D01-41B9-883B-7FA840F41E6F.mp3"; sourceTree = "<group>"; };
		320C328B54E08180B647C915 /* Pods-demo.debug.xcconfig */ = {isa = PBXFileReference; includeInIndex = 1; lastKnownFileType = text.xcconfig; name = "Pods-demo.debug.xcconfig"; path = "Target Support Files/Pods-demo/Pods-demo.debug.xcconfig"; sourceTree = "<group>"; };
		66D3755D1942909FCBC58EFD /* Pods_demo.framework */ = {isa = PBXFileReference; explicitFileType = wrapper.framework; includeInIndex = 0; path = Pods_demo.framework; sourceTree = BUILT_PRODUCTS_DIR; };
		7E2FC9A02BFEEE3800077232 /* demo.app */ = {isa = PBXFileReference; explicitFileType = wrapper.application; includeInIndex = 0; path = demo.app; sourceTree = BUILT_PRODUCTS_DIR; };
		7E2FC9A32BFEEE3800077232 /* AppDelegate.h */ = {isa = PBXFileReference; lastKnownFileType = sourcecode.c.h; path = AppDelegate.h; sourceTree = "<group>"; };
		7E2FC9A42BFEEE3800077232 /* AppDelegate.m */ = {isa = PBXFileReference; lastKnownFileType = sourcecode.c.objc; path = AppDelegate.m; sourceTree = "<group>"; };
		7E2FC9A62BFEEE3800077232 /* SceneDelegate.h */ = {isa = PBXFileReference; lastKnownFileType = sourcecode.c.h; path = SceneDelegate.h; sourceTree = "<group>"; };
		7E2FC9A72BFEEE3800077232 /* SceneDelegate.m */ = {isa = PBXFileReference; lastKnownFileType = sourcecode.c.objc; path = SceneDelegate.m; sourceTree = "<group>"; };
		7E2FC9A92BFEEE3800077232 /* ViewController.h */ = {isa = PBXFileReference; lastKnownFileType = sourcecode.c.h; path = ViewController.h; sourceTree = "<group>"; };
		7E2FC9AA2BFEEE3800077232 /* ViewController.m */ = {isa = PBXFileReference; lastKnownFileType = sourcecode.c.objc; path = ViewController.m; sourceTree = "<group>"; };
		7E2FC9AD2BFEEE3800077232 /* Base */ = {isa = PBXFileReference; lastKnownFileType = file.storyboard; name = Base; path = Base.lproj/Main.storyboard; sourceTree = "<group>"; };
		7E2FC9AF2BFEEE3900077232 /* Assets.xcassets */ = {isa = PBXFileReference; lastKnownFileType = folder.assetcatalog; path = Assets.xcassets; sourceTree = "<group>"; };
		7E2FC9B22BFEEE3900077232 /* Base */ = {isa = PBXFileReference; lastKnownFileType = file.storyboard; name = Base; path = Base.lproj/LaunchScreen.storyboard; sourceTree = "<group>"; };
		7E2FC9B42BFEEE3900077232 /* Info.plist */ = {isa = PBXFileReference; lastKnownFileType = text.plist.xml; path = Info.plist; sourceTree = "<group>"; };
		7E2FC9B52BFEEE3900077232 /* main.m */ = {isa = PBXFileReference; lastKnownFileType = sourcecode.c.objc; path = main.m; sourceTree = "<group>"; };
		7E2FC9E62BFF3A7600077232 /* OralEvaluationViewController.h */ = {isa = PBXFileReference; fileEncoding = 4; lastKnownFileType = sourcecode.c.h; path = OralEvaluationViewController.h; sourceTree = "<group>"; };
		7E2FC9E72BFF3A7700077232 /* OralEvaluationViewController.m */ = {isa = PBXFileReference; fileEncoding = 4; lastKnownFileType = sourcecode.c.objc; path = OralEvaluationViewController.m; sourceTree = "<group>"; };
		7E2FC9E92BFF3CF100077232 /* TableViewController.h */ = {isa = PBXFileReference; fileEncoding = 4; lastKnownFileType = sourcecode.c.h; path = TableViewController.h; sourceTree = "<group>"; };
		7E2FC9EA2BFF3CF100077232 /* TableViewController.m */ = {isa = PBXFileReference; fileEncoding = 4; lastKnownFileType = sourcecode.c.objc; path = TableViewController.m; sourceTree = "<group>"; };
		7E2FC9F82BFF476D00077232 /* FileDataSource.m */ = {isa = PBXFileReference; explicitFileType = sourcecode.cpp.objcpp; fileEncoding = 4; path = FileDataSource.m; sourceTree = "<group>"; };
		7E2FC9FB2BFF476D00077232 /* FileDataSource.h */ = {isa = PBXFileReference; fileEncoding = 4; lastKnownFileType = sourcecode.c.h; path = FileDataSource.h; sourceTree = "<group>"; };
		7E40DB052C08537000E06118 /* how_are_you.pcm */ = {isa = PBXFileReference; lastKnownFileType = file; path = how_are_you.pcm; sourceTree = "<group>"; };
		7E40DB062C08537000E06118 /* how_are_you.mp3 */ = {isa = PBXFileReference; lastKnownFileType = audio.mp3; path = how_are_you.mp3; sourceTree = "<group>"; };
		7E988BA22C0080AF00F87DA5 /* UserInfo.h */ = {isa = PBXFileReference; lastKnownFileType = sourcecode.c.h; path = UserInfo.h; sourceTree = "<group>"; };
		7E988BA32C0080D300F87DA5 /* UserInfo.m */ = {isa = PBXFileReference; lastKnownFileType = sourcecode.c.objc; path = UserInfo.m; sourceTree = "<group>"; };
		7E988BA62C00852A00F87DA5 /* ConfigViewController.m */ = {isa = PBXFileReference; fileEncoding = 4; lastKnownFileType = sourcecode.c.objc; path = ConfigViewController.m; sourceTree = "<group>"; };
		7E988BA92C0085CA00F87DA5 /* ConfigViewController.h */ = {isa = PBXFileReference; fileEncoding = 4; lastKnownFileType = sourcecode.c.h; path = ConfigViewController.h; sourceTree = "<group>"; };
		7E988BAF2C0090A700F87DA5 /* Slider.h */ = {isa = PBXFileReference; lastKnownFileType = sourcecode.c.h; path = Slider.h; sourceTree = "<group>"; };
		7E988BB02C0090A700F87DA5 /* Slider.m */ = {isa = PBXFileReference; lastKnownFileType = sourcecode.c.objc; path = Slider.m; sourceTree = "<group>"; };
		7E988BB22C009DF300F87DA5 /* RecordDataSource.h */ = {isa = PBXFileReference; fileEncoding = 4; lastKnownFileType = sourcecode.c.h; path = RecordDataSource.h; sourceTree = "<group>"; };
		7E988BB32C009DF300F87DA5 /* RecordDataSource.m */ = {isa = PBXFileReference; explicitFileType = sourcecode.cpp.objcpp; fileEncoding = 4; path = RecordDataSource.m; sourceTree = "<group>"; };
		7E988BB52C00AFDA00F87DA5 /* Ring.h */ = {isa = PBXFileReference; fileEncoding = 4; lastKnownFileType = sourcecode.c.h; path = Ring.h; sourceTree = "<group>"; };
		7E988BC22C05B94A00F87DA5 /* QCloudSOE.xcframework */ = {isa = PBXFileReference; lastKnownFileType = wrapper.xcframework; name = QCloudSOE.xcframework; path = Frameworks/QCloudSOE.xcframework; sourceTree = "<group>"; };
		E05A5F8D02366FEF110B9DDB /* Pods-demo.release.xcconfig */ = {isa = PBXFileReference; includeInIndex = 1; lastKnownFileType = text.xcconfig; name = "Pods-demo.release.xcconfig"; path = "Target Support Files/Pods-demo/Pods-demo.release.xcconfig"; sourceTree = "<group>"; };
/* End PBXFileReference section */

/* Begin PBXFrameworksBuildPhase section */
		7E2FC99D2BFEEE3800077232 /* Frameworks */ = {
			isa = PBXFrameworksBuildPhase;
			buildActionMask = 2147483647;
			files = (
				7E988BC32C05B94A00F87DA5 /* QCloudSOE.xcframework in Frameworks */,
				6E98701C941F57B97D5335D5 /* Pods_demo.framework in Frameworks */,
			);
			runOnlyForDeploymentPostprocessing = 0;
		};
/* End PBXFrameworksBuildPhase section */

/* Begin PBXGroup section */
		1E7A252E2CC2172B0080D18A /* ConfigFile */ = {
			isa = PBXGroup;
			children = (
				1E7A25282CC215F60080D18A /* ConfigFileViewController.h */,
				1E7A25292CC215F60080D18A /* ConfigFileViewController.m */,
				1E7A25322CC231B10080D18A /* AudioFileTool.swift */,
			);
			path = ConfigFile;
			sourceTree = "<group>";
		};
		1E8419492CC0E0E8005E1439 /* 增益比例2.0 */ = {
			isa = PBXGroup;
			children = (
				1E8419482CC0E0E8005E1439 /* 2024-10-16_11-21-36.wav */,
			);
			path = "增益比例2.0";
			sourceTree = "<group>";
		};
		1E8419502CC0E0E8005E1439 /* 增益比例3.0 */ = {
			isa = PBXGroup;
			children = (
				1E84194A2CC0E0E8005E1439 /* 2024-10-16_11-23-17.wav */,
				1E84194B2CC0E0E8005E1439 /* 2024-10-16_11-23-21.wav */,
				1E84194C2CC0E0E8005E1439 /* 2024-10-16_11-23-33.wav */,
				1E84194D2CC0E0E8005E1439 /* 2024-10-16_11-23-35.wav */,
				1E84194E2CC0E0E8005E1439 /* 2024-10-16_11-23-43.wav */,
				1E84194F2CC0E0E8005E1439 /* 2024-10-16_11-23-46.wav */,
			);
			path = "增益比例3.0";
			sourceTree = "<group>";
		};
		1E8419572CC0E0E8005E1439 /* 增益比例3.0限幅版 */ = {
			isa = PBXGroup;
			children = (
				1E8419512CC0E0E8005E1439 /* 2024-10-16_11-37-44.wav */,
				1E8419522CC0E0E8005E1439 /* 2024-10-16_11-37-48.wav */,
				1E8419532CC0E0E8005E1439 /* 2024-10-16_11-37-56.wav */,
				1E8419542CC0E0E8005E1439 /* 2024-10-16_11-38-00.wav */,
				1E8419552CC0E0E8005E1439 /* 2024-10-16_11-38-04.wav */,
				1E8419562CC0E0E8005E1439 /* 2024-10-16_11-38-07.wav */,
			);
			path = "增益比例3.0限幅版";
			sourceTree = "<group>";
		};
		1E8419582CC0E0E8005E1439 /* 分贝增强V2 */ = {
			isa = PBXGroup;
			children = (
				1E8419492CC0E0E8005E1439 /* 增益比例2.0 */,
				1E8419502CC0E0E8005E1439 /* 增益比例3.0 */,
				1E8419572CC0E0E8005E1439 /* 增益比例3.0限幅版 */,
			);
			path = "分贝增强V2";
			sourceTree = "<group>";
		};
		1E84195D2CC0E0E8005E1439 /* 无处理 */ = {
			isa = PBXGroup;
			children = (
				1E8419592CC0E0E8005E1439 /* 2024-10-16_09-57-29.wav */,
				1E84195A2CC0E0E8005E1439 /* 2024-10-16_09-58-51.wav */,
				1E84195B2CC0E0E8005E1439 /* 2024-10-16_10-00-23.wav */,
				1E84195C2CC0E0E8005E1439 /* 2024-10-16_10-00-27.wav */,
			);
			path = "无处理";
			sourceTree = "<group>";
		};
		1E8419612CC0E0E8005E1439 /* Tencent */ = {
			isa = PBXGroup;
			children = (
				1E84195E2CC0E0E8005E1439 /* 1E9E9126-37F1-4E97-A5BF-FABCFE4715C0.mp3 */,
				1E84195F2CC0E0E8005E1439 /* 58DE9407-D2C6-4354-BB75-1EADB71B2890.mp3 */,
				1E8419602CC0E0E8005E1439 /* BB9C2721-9D01-41B9-883B-7FA840F41E6F.mp3 */,
			);
			path = Tencent;
			sourceTree = "<group>";
		};
		1E8419622CC0E0E8005E1439 /* 原生录制音频 */ = {
			isa = PBXGroup;
			children = (
				1E8419582CC0E0E8005E1439 /* 分贝增强V2 */,
				1E84195D2CC0E0E8005E1439 /* 无处理 */,
				1E8419612CC0E0E8005E1439 /* Tencent */,
			);
			path = "原生录制音频";
			sourceTree = "<group>";
		};
		2A8978D03FC62CBF6CB2AAC7 /* Pods */ = {
			isa = PBXGroup;
			children = (
				320C328B54E08180B647C915 /* Pods-demo.debug.xcconfig */,
				E05A5F8D02366FEF110B9DDB /* Pods-demo.release.xcconfig */,
			);
			path = Pods;
			sourceTree = "<group>";
		};
		7E2FC9972BFEEE3800077232 = {
			isa = PBXGroup;
			children = (
				7E2FC9A22BFEEE3800077232 /* demo */,
				7E2FC9A12BFEEE3800077232 /* Products */,
				7E2FC9D82BFEF18700077232 /* Frameworks */,
				2A8978D03FC62CBF6CB2AAC7 /* Pods */,
			);
			sourceTree = "<group>";
		};
		7E2FC9A12BFEEE3800077232 /* Products */ = {
			isa = PBXGroup;
			children = (
				7E2FC9A02BFEEE3800077232 /* demo.app */,
			);
			name = Products;
			sourceTree = "<group>";
		};
		7E2FC9A22BFEEE3800077232 /* demo */ = {
			isa = PBXGroup;
			children = (
				1E8419462CC0C2A7005E1439 /* SOE.swift */,
				1E7A252E2CC2172B0080D18A /* ConfigFile */,
				1E8419622CC0E0E8005E1439 /* 原生录制音频 */,
				7E40DB062C08537000E06118 /* how_are_you.mp3 */,
				7E40DB052C08537000E06118 /* how_are_you.pcm */,
				7E2FC9F72BFF472F00077232 /* datasources */,
				7E2FC9A32BFEEE3800077232 /* AppDelegate.h */,
				7E2FC9A42BFEEE3800077232 /* AppDelegate.m */,
				7E2FC9A62BFEEE3800077232 /* SceneDelegate.h */,
				7E2FC9A72BFEEE3800077232 /* SceneDelegate.m */,
				7E2FC9A92BFEEE3800077232 /* ViewController.h */,
				7E2FC9AA2BFEEE3800077232 /* ViewController.m */,
				7E2FC9E62BFF3A7600077232 /* OralEvaluationViewController.h */,
				7E2FC9E72BFF3A7700077232 /* OralEvaluationViewController.m */,
				7E2FC9E92BFF3CF100077232 /* TableViewController.h */,
				7E2FC9EA2BFF3CF100077232 /* TableViewController.m */,
				7E988BA92C0085CA00F87DA5 /* ConfigViewController.h */,
				7E988BA62C00852A00F87DA5 /* ConfigViewController.m */,
				7E988BA22C0080AF00F87DA5 /* UserInfo.h */,
				7E988BA32C0080D300F87DA5 /* UserInfo.m */,
				1E8419432CC0BCBE005E1439 /* PrivateInfo.h */,
				1E8419442CC0BCBE005E1439 /* PrivateInfo.m */,
				7E988BAF2C0090A700F87DA5 /* Slider.h */,
				7E988BB02C0090A700F87DA5 /* Slider.m */,
				7E2FC9AC2BFEEE3800077232 /* Main.storyboard */,
				7E2FC9AF2BFEEE3900077232 /* Assets.xcassets */,
				7E2FC9B12BFEEE3900077232 /* LaunchScreen.storyboard */,
				7E2FC9B42BFEEE3900077232 /* Info.plist */,
				7E2FC9B52BFEEE3900077232 /* main.m */,
				1E8419422CC0BBEF005E1439 /* demo-Bridging-Header.h */,
			);
			path = demo;
			sourceTree = "<group>";
		};
		7E2FC9D82BFEF18700077232 /* Frameworks */ = {
			isa = PBXGroup;
			children = (
				7E988BC22C05B94A00F87DA5 /* QCloudSOE.xcframework */,
				66D3755D1942909FCBC58EFD /* Pods_demo.framework */,
			);
			name = Frameworks;
			sourceTree = "<group>";
		};
		7E2FC9F72BFF472F00077232 /* datasources */ = {
			isa = PBXGroup;
			children = (
				1E7A25222CC1F5940080D18A /* AudioToolDataSource.h */,
				1E7A25232CC1F5940080D18A /* AudioToolDataSource.m */,
				7E988BB52C00AFDA00F87DA5 /* Ring.h */,
				7E988BB22C009DF300F87DA5 /* RecordDataSource.h */,
				7E988BB32C009DF300F87DA5 /* RecordDataSource.m */,
				7E2FC9FB2BFF476D00077232 /* FileDataSource.h */,
				7E2FC9F82BFF476D00077232 /* FileDataSource.m */,
				1E7A25252CC200590080D18A /* TAIOralEvaluationRetV2.h */,
				1E7A25262CC200590080D18A /* TAIOralEvaluationRetV2.m */,
			);
			path = datasources;
			sourceTree = "<group>";
		};
/* End PBXGroup section */

/* Begin PBXNativeTarget section */
		7E2FC99F2BFEEE3800077232 /* demo */ = {
			isa = PBXNativeTarget;
			buildConfigurationList = 7E2FC9B92BFEEE3900077232 /* Build configuration list for PBXNativeTarget "demo" */;
			buildPhases = (
				964C6ABB4868875BF5DE17D4 /* [CP] Check Pods Manifest.lock */,
				7E2FC99C2BFEEE3800077232 /* Sources */,
				7E2FC99D2BFEEE3800077232 /* Frameworks */,
				7E2FC99E2BFEEE3800077232 /* Resources */,
				382F7F109C42A13711213AA5 /* [CP] Embed Pods Frameworks */,
			);
			buildRules = (
			);
			dependencies = (
			);
			name = demo;
			productName = demo;
			productReference = 7E2FC9A02BFEEE3800077232 /* demo.app */;
			productType = "com.apple.product-type.application";
		};
/* End PBXNativeTarget section */

/* Begin PBXProject section */
		7E2FC9982BFEEE3800077232 /* Project object */ = {
			isa = PBXProject;
			attributes = {
				BuildIndependentTargetsInParallel = 1;
				LastUpgradeCheck = 1520;
				TargetAttributes = {
					7E2FC99F2BFEEE3800077232 = {
						CreatedOnToolsVersion = 15.2;
						LastSwiftMigration = 1600;
					};
				};
			};
			buildConfigurationList = 7E2FC99B2BFEEE3800077232 /* Build configuration list for PBXProject "demo" */;
			compatibilityVersion = "Xcode 14.0";
			developmentRegion = en;
			hasScannedForEncodings = 0;
			knownRegions = (
				en,
				Base,
			);
			mainGroup = 7E2FC9972BFEEE3800077232;
			productRefGroup = 7E2FC9A12BFEEE3800077232 /* Products */;
			projectDirPath = "";
			projectRoot = "";
			targets = (
				7E2FC99F2BFEEE3800077232 /* demo */,
			);
		};
/* End PBXProject section */

/* Begin PBXResourcesBuildPhase section */
		7E2FC99E2BFEEE3800077232 /* Resources */ = {
			isa = PBXResourcesBuildPhase;
			buildActionMask = 2147483647;
			files = (
				7E2FC9B32BFEEE3900077232 /* LaunchScreen.storyboard in Resources */,
				7E2FC9B02BFEEE3900077232 /* Assets.xcassets in Resources */,
				1E8419632CC0E0E8005E1439 /* 58DE9407-D2C6-4354-BB75-1EADB71B2890.mp3 in Resources */,
				1E8419642CC0E0E8005E1439 /* 2024-10-16_10-00-23.wav in Resources */,
				1E8419652CC0E0E8005E1439 /* 2024-10-16_11-21-36.wav in Resources */,
				1E8419662CC0E0E8005E1439 /* 2024-10-16_11-38-00.wav in Resources */,
				1E8419672CC0E0E8005E1439 /* 2024-10-16_11-23-46.wav in Resources */,
				1E8419682CC0E0E8005E1439 /* 2024-10-16_11-37-48.wav in Resources */,
				1E8419692CC0E0E8005E1439 /* 2024-10-16_10-00-27.wav in Resources */,
				1E84196A2CC0E0E8005E1439 /* 2024-10-16_11-38-07.wav in Resources */,
				1E84196B2CC0E0E8005E1439 /* 2024-10-16_11-23-35.wav in Resources */,
				1E84196C2CC0E0E8005E1439 /* 2024-10-16_11-23-33.wav in Resources */,
				1E84196D2CC0E0E8005E1439 /* BB9C2721-9D01-41B9-883B-7FA840F41E6F.mp3 in Resources */,
				1E84196E2CC0E0E8005E1439 /* 1E9E9126-37F1-4E97-A5BF-FABCFE4715C0.mp3 in Resources */,
				1E84196F2CC0E0E8005E1439 /* 2024-10-16_11-23-21.wav in Resources */,
				1E8419702CC0E0E8005E1439 /* 2024-10-16_11-23-17.wav in Resources */,
				1E8419712CC0E0E8005E1439 /* 2024-10-16_11-37-56.wav in Resources */,
				1E8419722CC0E0E8005E1439 /* 2024-10-16_09-57-29.wav in Resources */,
				1E8419732CC0E0E8005E1439 /* 2024-10-16_09-58-51.wav in Resources */,
				1E8419742CC0E0E8005E1439 /* 2024-10-16_11-37-44.wav in Resources */,
				1E8419752CC0E0E8005E1439 /* 2024-10-16_11-38-04.wav in Resources */,
				1E8419762CC0E0E8005E1439 /* 2024-10-16_11-23-43.wav in Resources */,
				7E40DB072C08537000E06118 /* how_are_you.pcm in Resources */,
				7E2FC9AE2BFEEE3800077232 /* Main.storyboard in Resources */,
				7E40DB082C08537000E06118 /* how_are_you.mp3 in Resources */,
			);
			runOnlyForDeploymentPostprocessing = 0;
		};
/* End PBXResourcesBuildPhase section */

/* Begin PBXShellScriptBuildPhase section */
		382F7F109C42A13711213AA5 /* [CP] Embed Pods Frameworks */ = {
			isa = PBXShellScriptBuildPhase;
			buildActionMask = 2147483647;
			files = (
			);
			inputFileListPaths = (
				"${PODS_ROOT}/Target Support Files/Pods-demo/Pods-demo-frameworks-${CONFIGURATION}-input-files.xcfilelist",
			);
			name = "[CP] Embed Pods Frameworks";
			outputFileListPaths = (
				"${PODS_ROOT}/Target Support Files/Pods-demo/Pods-demo-frameworks-${CONFIGURATION}-output-files.xcfilelist",
			);
			runOnlyForDeploymentPostprocessing = 0;
			shellPath = /bin/sh;
			shellScript = "\"${PODS_ROOT}/Target Support Files/Pods-demo/Pods-demo-frameworks.sh\"\n";
			showEnvVarsInLog = 0;
		};
		964C6ABB4868875BF5DE17D4 /* [CP] Check Pods Manifest.lock */ = {
			isa = PBXShellScriptBuildPhase;
			buildActionMask = 2147483647;
			files = (
			);
			inputFileListPaths = (
			);
			inputPaths = (
				"${PODS_PODFILE_DIR_PATH}/Podfile.lock",
				"${PODS_ROOT}/Manifest.lock",
			);
			name = "[CP] Check Pods Manifest.lock";
			outputFileListPaths = (
			);
			outputPaths = (
				"$(DERIVED_FILE_DIR)/Pods-demo-checkManifestLockResult.txt",
			);
			runOnlyForDeploymentPostprocessing = 0;
			shellPath = /bin/sh;
			shellScript = "diff \"${PODS_PODFILE_DIR_PATH}/Podfile.lock\" \"${PODS_ROOT}/Manifest.lock\" > /dev/null\nif [ $? != 0 ] ; then\n    # print error to STDERR\n    echo \"error: The sandbox is not in sync with the Podfile.lock. Run 'pod install' or update your CocoaPods installation.\" >&2\n    exit 1\nfi\n# This output is used by Xcode 'outputs' to avoid re-running this script phase.\necho \"SUCCESS\" > \"${SCRIPT_OUTPUT_FILE_0}\"\n";
			showEnvVarsInLog = 0;
		};
/* End PBXShellScriptBuildPhase section */

/* Begin PBXSourcesBuildPhase section */
		7E2FC99C2BFEEE3800077232 /* Sources */ = {
			isa = PBXSourcesBuildPhase;
			buildActionMask = 2147483647;
			files = (
				7E988BA42C0080D300F87DA5 /* UserInfo.m in Sources */,
				1E7A25272CC200590080D18A /* TAIOralEvaluationRetV2.m in Sources */,
				1E7A25332CC231B10080D18A /* AudioFileTool.swift in Sources */,
				7E2FC9AB2BFEEE3800077232 /* ViewController.m in Sources */,
				7E2FC9EB2BFF3CF100077232 /* TableViewController.m in Sources */,
				1E7A25242CC1F5940080D18A /* AudioToolDataSource.m in Sources */,
				1E8419452CC0BCBE005E1439 /* PrivateInfo.m in Sources */,
				7E2FC9A52BFEEE3800077232 /* AppDelegate.m in Sources */,
				7E988BB12C0090A700F87DA5 /* Slider.m in Sources */,
				7E2FC9B62BFEEE3900077232 /* main.m in Sources */,
				7E988BA72C00852A00F87DA5 /* ConfigViewController.m in Sources */,
				1E7A252A2CC215F60080D18A /* ConfigFileViewController.m in Sources */,
				7E2FC9E82BFF3A7700077232 /* OralEvaluationViewController.m in Sources */,
				7E988BB42C009DF300F87DA5 /* RecordDataSource.m in Sources */,
				7E2FC9FE2BFF476D00077232 /* FileDataSource.m in Sources */,
				1E8419472CC0C2A7005E1439 /* SOE.swift in Sources */,
				7E2FC9A82BFEEE3800077232 /* SceneDelegate.m in Sources */,
			);
			runOnlyForDeploymentPostprocessing = 0;
		};
/* End PBXSourcesBuildPhase section */

/* Begin PBXVariantGroup section */
		7E2FC9AC2BFEEE3800077232 /* Main.storyboard */ = {
			isa = PBXVariantGroup;
			children = (
				7E2FC9AD2BFEEE3800077232 /* Base */,
			);
			name = Main.storyboard;
			sourceTree = "<group>";
		};
		7E2FC9B12BFEEE3900077232 /* LaunchScreen.storyboard */ = {
			isa = PBXVariantGroup;
			children = (
				7E2FC9B22BFEEE3900077232 /* Base */,
			);
			name = LaunchScreen.storyboard;
			sourceTree = "<group>";
		};
/* End PBXVariantGroup section */

/* Begin XCBuildConfiguration section */
		7E2FC9B72BFEEE3900077232 /* Debug */ = {
			isa = XCBuildConfiguration;
			buildSettings = {
				ALWAYS_SEARCH_USER_PATHS = NO;
				ASSETCATALOG_COMPILER_GENERATE_SWIFT_ASSET_SYMBOL_EXTENSIONS = YES;
				CLANG_ANALYZER_NONNULL = YES;
				CLANG_ANALYZER_NUMBER_OBJECT_CONVERSION = YES_AGGRESSIVE;
				CLANG_CXX_LANGUAGE_STANDARD = "gnu++20";
				CLANG_ENABLE_MODULES = YES;
				CLANG_ENABLE_OBJC_ARC = YES;
				CLANG_ENABLE_OBJC_WEAK = YES;
				CLANG_WARN_BLOCK_CAPTURE_AUTORELEASING = YES;
				CLANG_WARN_BOOL_CONVERSION = YES;
				CLANG_WARN_COMMA = YES;
				CLANG_WARN_CONSTANT_CONVERSION = YES;
				CLANG_WARN_DEPRECATED_OBJC_IMPLEMENTATIONS = YES;
				CLANG_WARN_DIRECT_OBJC_ISA_USAGE = YES_ERROR;
				CLANG_WARN_DOCUMENTATION_COMMENTS = YES;
				CLANG_WARN_EMPTY_BODY = YES;
				CLANG_WARN_ENUM_CONVERSION = YES;
				CLANG_WARN_INFINITE_RECURSION = YES;
				CLANG_WARN_INT_CONVERSION = YES;
				CLANG_WARN_NON_LITERAL_NULL_CONVERSION = YES;
				CLANG_WARN_OBJC_IMPLICIT_RETAIN_SELF = YES;
				CLANG_WARN_OBJC_LITERAL_CONVERSION = YES;
				CLANG_WARN_OBJC_ROOT_CLASS = YES_ERROR;
				CLANG_WARN_QUOTED_INCLUDE_IN_FRAMEWORK_HEADER = YES;
				CLANG_WARN_RANGE_LOOP_ANALYSIS = YES;
				CLANG_WARN_STRICT_PROTOTYPES = YES;
				CLANG_WARN_SUSPICIOUS_MOVE = YES;
				CLANG_WARN_UNGUARDED_AVAILABILITY = YES_AGGRESSIVE;
				CLANG_WARN_UNREACHABLE_CODE = YES;
				CLANG_WARN__DUPLICATE_METHOD_MATCH = YES;
				COPY_PHASE_STRIP = NO;
				DEBUG_INFORMATION_FORMAT = dwarf;
				ENABLE_STRICT_OBJC_MSGSEND = YES;
				ENABLE_TESTABILITY = YES;
				ENABLE_USER_SCRIPT_SANDBOXING = YES;
				GCC_C_LANGUAGE_STANDARD = gnu17;
				GCC_DYNAMIC_NO_PIC = NO;
				GCC_NO_COMMON_BLOCKS = YES;
				GCC_OPTIMIZATION_LEVEL = 0;
				GCC_PREPROCESSOR_DEFINITIONS = (
					"DEBUG=1",
					"$(inherited)",
				);
				GCC_WARN_64_TO_32_BIT_CONVERSION = YES;
				GCC_WARN_ABOUT_RETURN_TYPE = YES_ERROR;
				GCC_WARN_UNDECLARED_SELECTOR = YES;
				GCC_WARN_UNINITIALIZED_AUTOS = YES_AGGRESSIVE;
				GCC_WARN_UNUSED_FUNCTION = YES;
				GCC_WARN_UNUSED_VARIABLE = YES;
				IPHONEOS_DEPLOYMENT_TARGET = 17.2;
				LOCALIZATION_PREFERS_STRING_CATALOGS = YES;
				MTL_ENABLE_DEBUG_INFO = INCLUDE_SOURCE;
				MTL_FAST_MATH = YES;
				ONLY_ACTIVE_ARCH = YES;
				SDKROOT = iphoneos;
			};
			name = Debug;
		};
		7E2FC9B82BFEEE3900077232 /* Release */ = {
			isa = XCBuildConfiguration;
			buildSettings = {
				ALWAYS_SEARCH_USER_PATHS = NO;
				ASSETCATALOG_COMPILER_GENERATE_SWIFT_ASSET_SYMBOL_EXTENSIONS = YES;
				CLANG_ANALYZER_NONNULL = YES;
				CLANG_ANALYZER_NUMBER_OBJECT_CONVERSION = YES_AGGRESSIVE;
				CLANG_CXX_LANGUAGE_STANDARD = "gnu++20";
				CLANG_ENABLE_MODULES = YES;
				CLANG_ENABLE_OBJC_ARC = YES;
				CLANG_ENABLE_OBJC_WEAK = YES;
				CLANG_WARN_BLOCK_CAPTURE_AUTORELEASING = YES;
				CLANG_WARN_BOOL_CONVERSION = YES;
				CLANG_WARN_COMMA = YES;
				CLANG_WARN_CONSTANT_CONVERSION = YES;
				CLANG_WARN_DEPRECATED_OBJC_IMPLEMENTATIONS = YES;
				CLANG_WARN_DIRECT_OBJC_ISA_USAGE = YES_ERROR;
				CLANG_WARN_DOCUMENTATION_COMMENTS = YES;
				CLANG_WARN_EMPTY_BODY = YES;
				CLANG_WARN_ENUM_CONVERSION = YES;
				CLANG_WARN_INFINITE_RECURSION = YES;
				CLANG_WARN_INT_CONVERSION = YES;
				CLANG_WARN_NON_LITERAL_NULL_CONVERSION = YES;
				CLANG_WARN_OBJC_IMPLICIT_RETAIN_SELF = YES;
				CLANG_WARN_OBJC_LITERAL_CONVERSION = YES;
				CLANG_WARN_OBJC_ROOT_CLASS = YES_ERROR;
				CLANG_WARN_QUOTED_INCLUDE_IN_FRAMEWORK_HEADER = YES;
				CLANG_WARN_RANGE_LOOP_ANALYSIS = YES;
				CLANG_WARN_STRICT_PROTOTYPES = YES;
				CLANG_WARN_SUSPICIOUS_MOVE = YES;
				CLANG_WARN_UNGUARDED_AVAILABILITY = YES_AGGRESSIVE;
				CLANG_WARN_UNREACHABLE_CODE = YES;
				CLANG_WARN__DUPLICATE_METHOD_MATCH = YES;
				COPY_PHASE_STRIP = NO;
				DEBUG_INFORMATION_FORMAT = "dwarf-with-dsym";
				ENABLE_NS_ASSERTIONS = NO;
				ENABLE_STRICT_OBJC_MSGSEND = YES;
				ENABLE_USER_SCRIPT_SANDBOXING = YES;
				GCC_C_LANGUAGE_STANDARD = gnu17;
				GCC_NO_COMMON_BLOCKS = YES;
				GCC_WARN_64_TO_32_BIT_CONVERSION = YES;
				GCC_WARN_ABOUT_RETURN_TYPE = YES_ERROR;
				GCC_WARN_UNDECLARED_SELECTOR = YES;
				GCC_WARN_UNINITIALIZED_AUTOS = YES_AGGRESSIVE;
				GCC_WARN_UNUSED_FUNCTION = YES;
				GCC_WARN_UNUSED_VARIABLE = YES;
				IPHONEOS_DEPLOYMENT_TARGET = 17.2;
				LOCALIZATION_PREFERS_STRING_CATALOGS = YES;
				MTL_ENABLE_DEBUG_INFO = NO;
				MTL_FAST_MATH = YES;
				SDKROOT = iphoneos;
				VALIDATE_PRODUCT = YES;
			};
			name = Release;
		};
		7E2FC9BA2BFEEE3900077232 /* Debug */ = {
			isa = XCBuildConfiguration;
			baseConfigurationReference = 320C328B54E08180B647C915 /* Pods-demo.debug.xcconfig */;
			buildSettings = {
				ASSETCATALOG_COMPILER_APPICON_NAME = AppIcon;
				ASSETCATALOG_COMPILER_GLOBAL_ACCENT_COLOR_NAME = AccentColor;
				CLANG_ENABLE_MODULES = YES;
				CODE_SIGN_IDENTITY = "Apple Development";
				CODE_SIGN_STYLE = Automatic;
				CURRENT_PROJECT_VERSION = 1;
				DEVELOPMENT_TEAM = MC9Q66TLXQ;
				ENABLE_USER_SCRIPT_SANDBOXING = NO;
				GCC_PREPROCESSOR_DEFINITIONS = "$(inherited)";
				GENERATE_INFOPLIST_FILE = YES;
				INFOPLIST_FILE = demo/Info.plist;
				INFOPLIST_KEY_CFBundleDisplayName = "智聆新版";
				INFOPLIST_KEY_NSMicrophoneUsageDescription = "Need Microphone";
				INFOPLIST_KEY_UIApplicationSupportsIndirectInputEvents = YES;
				INFOPLIST_KEY_UILaunchStoryboardName = LaunchScreen;
				INFOPLIST_KEY_UIMainStoryboardFile = Main;
				INFOPLIST_KEY_UISupportedInterfaceOrientations_iPad = "UIInterfaceOrientationPortrait UIInterfaceOrientationPortraitUpsideDown UIInterfaceOrientationLandscapeLeft UIInterfaceOrientationLandscapeRight";
				INFOPLIST_KEY_UISupportedInterfaceOrientations_iPhone = "UIInterfaceOrientationPortrait UIInterfaceOrientationLandscapeLeft UIInterfaceOrientationLandscapeRight";
				IPHONEOS_DEPLOYMENT_TARGET = 13.0;
				LD_RUNPATH_SEARCH_PATHS = (
					"$(inherited)",
					"@executable_path/Frameworks",
				);
				MARKETING_VERSION = 1.0;
				PRODUCT_BUNDLE_IDENTIFIER = com.tencent.cloud.iai.demo;
				PRODUCT_NAME = "$(TARGET_NAME)";
				PROVISIONING_PROFILE_SPECIFIER = "";
				SWIFT_EMIT_LOC_STRINGS = YES;
				SWIFT_OBJC_BRIDGING_HEADER = "demo/demo-Bridging-Header.h";
				SWIFT_OPTIMIZATION_LEVEL = "-Onone";
				SWIFT_VERSION = 6.0;
				TARGETED_DEVICE_FAMILY = "1,2";
			};
			name = Debug;
		};
		7E2FC9BB2BFEEE3900077232 /* Release */ = {
			isa = XCBuildConfiguration;
			baseConfigurationReference = E05A5F8D02366FEF110B9DDB /* Pods-demo.release.xcconfig */;
			buildSettings = {
				ASSETCATALOG_COMPILER_APPICON_NAME = AppIcon;
				ASSETCATALOG_COMPILER_GLOBAL_ACCENT_COLOR_NAME = AccentColor;
				CLANG_ENABLE_MODULES = YES;
				CODE_SIGN_IDENTITY = "Apple Development";
				CODE_SIGN_STYLE = Automatic;
				CURRENT_PROJECT_VERSION = 1;
				DEVELOPMENT_TEAM = MC9Q66TLXQ;
				ENABLE_USER_SCRIPT_SANDBOXING = NO;
				GCC_PREPROCESSOR_DEFINITIONS = "";
				GENERATE_INFOPLIST_FILE = YES;
				INFOPLIST_FILE = demo/Info.plist;
				INFOPLIST_KEY_CFBundleDisplayName = "智聆新版";
				INFOPLIST_KEY_NSMicrophoneUsageDescription = "Need Microphone";
				INFOPLIST_KEY_UIApplicationSupportsIndirectInputEvents = YES;
				INFOPLIST_KEY_UILaunchStoryboardName = LaunchScreen;
				INFOPLIST_KEY_UIMainStoryboardFile = Main;
				INFOPLIST_KEY_UISupportedInterfaceOrientations_iPad = "UIInterfaceOrientationPortrait UIInterfaceOrientationPortraitUpsideDown UIInterfaceOrientationLandscapeLeft UIInterfaceOrientationLandscapeRight";
				INFOPLIST_KEY_UISupportedInterfaceOrientations_iPhone = "UIInterfaceOrientationPortrait UIInterfaceOrientationLandscapeLeft UIInterfaceOrientationLandscapeRight";
				IPHONEOS_DEPLOYMENT_TARGET = 13.0;
				LD_RUNPATH_SEARCH_PATHS = (
					"$(inherited)",
					"@executable_path/Frameworks",
				);
				MARKETING_VERSION = 1.0;
				PRODUCT_BUNDLE_IDENTIFIER = com.tencent.cloud.iai.demo;
				PRODUCT_NAME = "$(TARGET_NAME)";
				PROVISIONING_PROFILE_SPECIFIER = "";
				SWIFT_EMIT_LOC_STRINGS = YES;
				SWIFT_OBJC_BRIDGING_HEADER = "demo/demo-Bridging-Header.h";
				SWIFT_VERSION = 6.0;
				TARGETED_DEVICE_FAMILY = "1,2";
			};
			name = Release;
		};
/* End XCBuildConfiguration section */

/* Begin XCConfigurationList section */
		7E2FC99B2BFEEE3800077232 /* Build configuration list for PBXProject "demo" */ = {
			isa = XCConfigurationList;
			buildConfigurations = (
				7E2FC9B72BFEEE3900077232 /* Debug */,
				7E2FC9B82BFEEE3900077232 /* Release */,
			);
			defaultConfigurationIsVisible = 0;
			defaultConfigurationName = Release;
		};
		7E2FC9B92BFEEE3900077232 /* Build configuration list for PBXNativeTarget "demo" */ = {
			isa = XCConfigurationList;
			buildConfigurations = (
				7E2FC9BA2BFEEE3900077232 /* Debug */,
				7E2FC9BB2BFEEE3900077232 /* Release */,
			);
			defaultConfigurationIsVisible = 0;
			defaultConfigurationName = Release;
		};
/* End XCConfigurationList section */
	};
	rootObject = 7E2FC9982BFEEE3800077232 /* Project object */;
}
