PODS:
  - AFNetworking (4.0.1):
    - AFNetworking/NSURLSession (= 4.0.1)
    - AFNetworking/Reachability (= 4.0.1)
    - AFNetworking/Security (= 4.0.1)
    - AFNetworking/Serialization (= 4.0.1)
    - AFNetworking/UIKit (= 4.0.1)
  - AFNetworking/NSURLSession (4.0.1):
    - AFNetworking/Reachability
    - AFNetworking/Security
    - AFNetworking/Serialization
  - AFNetworking/Reachability (4.0.1)
  - AFNetworking/Security (4.0.1)
  - AFNetworking/Serialization (4.0.1)
  - AFNetworking/UIKit (4.0.1):
    - AFNetworking/NSURLSession
  - AFServiceNet (0.1.1):
    - AFNetworking
    - MBProgressHUD
    - YYModel
  - Alamofire (5.10.2)
  - GGXAppleSpeech (0.1.0):
    - TKPermissionKit/Speech
  - GGXRSA (0.1.2)
  - GGXSwiftExtension (0.7.2)
  - GXAudioPlay (0.3.1):
    - RxCocoa
  - GXAudioRecord (0.2.0)
  - GXSwiftNetwork (0.3.4):
    - Moya
    - PKHUD
    - SmartCodable
  - GXTaskDownload (0.4.1):
    - GGXSwiftExtension
    - SmartCodable
  - IQKeyboardCore (1.0.5)
  - IQKeyboardManagerSwift (8.0.0):
    - IQKeyboardManagerSwift/Appearance (= 8.0.0)
    - IQKeyboardManagerSwift/Core (= 8.0.0)
    - IQKeyboardManagerSwift/IQKeyboardReturnManager (= 8.0.0)
    - IQKeyboardManagerSwift/IQKeyboardToolbarManager (= 8.0.0)
    - IQKeyboardManagerSwift/IQTextView (= 8.0.0)
    - IQKeyboardManagerSwift/Resign (= 8.0.0)
  - IQKeyboardManagerSwift/Appearance (8.0.0):
    - IQKeyboardManagerSwift/Core
  - IQKeyboardManagerSwift/Core (8.0.0):
    - IQKeyboardNotification
    - IQTextInputViewNotification
  - IQKeyboardManagerSwift/IQKeyboardReturnManager (8.0.0):
    - IQKeyboardReturnManager
  - IQKeyboardManagerSwift/IQKeyboardToolbarManager (8.0.0):
    - IQKeyboardManagerSwift/Core
    - IQKeyboardToolbarManager
  - IQKeyboardManagerSwift/IQTextView (8.0.0):
    - IQTextView
  - IQKeyboardManagerSwift/Resign (8.0.0):
    - IQKeyboardManagerSwift/Core
  - IQKeyboardNotification (1.0.3)
  - IQKeyboardReturnManager (1.0.4):
    - IQKeyboardCore (= 1.0.5)
  - IQKeyboardToolbar (1.1.1):
    - IQKeyboardCore
    - IQKeyboardToolbar/Core (= 1.1.1)
  - IQKeyboardToolbar/Core (1.1.1):
    - IQKeyboardCore
    - IQKeyboardToolbar/Placeholderable
  - IQKeyboardToolbar/Placeholderable (1.1.1):
    - IQKeyboardCore
  - IQKeyboardToolbarManager (1.1.2):
    - IQKeyboardToolbar
    - IQTextInputViewNotification
  - IQTextInputViewNotification (1.0.8):
    - IQKeyboardCore
  - IQTextView (1.0.5):
    - IQKeyboardToolbar/Placeholderable
  - KeychainAccess (4.2.2)
  - MBProgressHUD (1.2.0)
  - MJExtension (3.4.2)
  - Moya (15.0.0):
    - Moya/Core (= 15.0.0)
  - Moya/Core (15.0.0):
    - Alamofire (~> 5.0)
  - PKHUD (5.3.0)
  - PTDebugView (0.1.9):
    - GGXSwiftExtension
  - QCloudFileRecognizer (3.1.22)
  - QCloudRealTime (3.1.22)
  - ReachabilitySwift (5.2.4)
  - RSAdventureApi (0.0.4):
    - GGXRSA
    - GXSwiftNetwork
    - RSBridgeCore
  - RSBridgeAudioEvaluation (0.2.9):
    - GXAudioRecord
    - GXSwiftNetwork
    - RSBridgeAudioEvaluation/TIMSpeech (= 0.2.9)
    - RSBridgeCore
  - RSBridgeAudioEvaluation/TIMSpeech (0.2.9):
    - GXAudioRecord
    - GXSwiftNetwork
    - RSBridgeCore
  - RSBridgeCore (1.1.5):
    - KeychainAccess
    - RxCocoa
    - SmartCodable
    - ZKBaseSwiftProject
  - RxCocoa (6.8.0):
    - RxRelay (= 6.8.0)
    - RxSwift (= 6.8.0)
  - RxRelay (6.8.0):
    - RxSwift (= 6.8.0)
  - RxSwift (6.8.0)
  - SmartCodable (4.3.0)
  - SnapKit (5.7.1)
  - TKPermissionKit/Public (1.2.9)
  - TKPermissionKit/Speech (1.2.9):
    - TKPermissionKit/Public
  - YYModel (1.0.4)
  - ZKBaseSwiftProject (1.0.9):
    - GGXSwiftExtension
    - KeychainAccess
    - PKHUD
    - PTDebugView
    - ReachabilitySwift
    - RxCocoa
    - RxSwift
    - SnapKit

DEPENDENCIES:
  - AFServiceNet
  - GGXAppleSpeech
  - GXAudioPlay
  - GXAudioRecord
  - GXTaskDownload
  - IQKeyboardManagerSwift
  - MJExtension
  - QCloudFileRecognizer
  - QCloudRealTime
  - RSAdventureApi
  - RSBridgeAudioEvaluation (from `~/Desktop/SourceTree/rs_bridge/record`)

SPEC REPOS:
  http://gitlab.risekid.cn/ce/ios-bridge/rs-trunk.git:
    - RSAdventureApi
    - RSBridgeCore
  https://github.com/CocoaPods/Specs.git:
    - AFNetworking
    - AFServiceNet
    - Alamofire
    - GGXAppleSpeech
    - GGXRSA
    - GGXSwiftExtension
    - GXAudioPlay
    - GXAudioRecord
    - GXSwiftNetwork
    - GXTaskDownload
    - IQKeyboardCore
    - IQKeyboardManagerSwift
    - IQKeyboardNotification
    - IQKeyboardReturnManager
    - IQKeyboardToolbar
    - IQKeyboardToolbarManager
    - IQTextInputViewNotification
    - IQTextView
    - KeychainAccess
    - MBProgressHUD
    - MJExtension
    - Moya
    - PKHUD
    - PTDebugView
    - QCloudFileRecognizer
    - QCloudRealTime
    - ReachabilitySwift
    - RxCocoa
    - RxRelay
    - RxSwift
    - SmartCodable
    - SnapKit
    - TKPermissionKit
    - YYModel
    - ZKBaseSwiftProject

EXTERNAL SOURCES:
  RSBridgeAudioEvaluation:
    :path: "~/Desktop/SourceTree/rs_bridge/record"

SPEC CHECKSUMS:
  AFNetworking: 3bd23d814e976cd148d7d44c3ab78017b744cd58
  AFServiceNet: fe357b7ba831486fac2661792e9929efc0b18a7b
  Alamofire: 7193b3b92c74a07f85569e1a6c4f4237291e7496
  GGXAppleSpeech: 7084861ec944ecb41098cebd83a04efe2bcfd674
  GGXRSA: b5b3527dba4f129d139d383cc46d5cc84ddf30ad
  GGXSwiftExtension: ef35cfe3275df105db6d0f320ee413423833ff4c
  GXAudioPlay: 88dd99f3ce5fe3993b78ddc6f8a4151e0a92c297
  GXAudioRecord: 8c03d92392dacbff96c3de76f3946f0b23858602
  GXSwiftNetwork: c02c7817b5cd8fbcac3c4816f14b2c4e0f764a05
  GXTaskDownload: 2ef5fba0d9dea781a967620966ee68d7b95a099b
  IQKeyboardCore: 28c8bf3bcd8ba5aa1570b318cbc4da94b861711e
  IQKeyboardManagerSwift: 0c6fbbaa2e60739e48d7cf59f25661471a7a3a65
  IQKeyboardNotification: d7382c4466c5a5adef92c7452ebf861b36050088
  IQKeyboardReturnManager: 972be48528ce9e7508ab3ab15ac7efac803f17f5
  IQKeyboardToolbar: d4bdccfb78324aec2f3920659c77bb89acd33312
  IQKeyboardToolbarManager: 6f4072ac620c2572d4af8c09f42a801f3e4909f7
  IQTextInputViewNotification: f5e954d8881fd9808b744e49e024cc0d4bcfe572
  IQTextView: ae13b4922f22e6f027f62c557d9f4f236b19d5c7
  KeychainAccess: c0c4f7f38f6fc7bbe58f5702e25f7bd2f65abf51
  MBProgressHUD: 3ee5efcc380f6a79a7cc9b363dd669c5e1ae7406
  MJExtension: e97d164cb411aa9795cf576093a1fa208b4a8dd8
  Moya: 138f0573e53411fb3dc17016add0b748dfbd78ee
  PKHUD: 98f3e4bc904b9c916f1c5bb6d765365b5357291b
  PTDebugView: c719fbcf92bbcad675a9fba8a6206e863d8d021c
  QCloudFileRecognizer: a911e411987ae2cc28d78e154ae5cde421bc6312
  QCloudRealTime: 16df92ea9951c08c6c7d2ffb4c5d22bb3fe9f324
  ReachabilitySwift: 32793e867593cfc1177f5d16491e3a197d2fccda
  RSAdventureApi: 53a28f4fb8810db85e4a77e977b0485184acc07d
  RSBridgeAudioEvaluation: f3bdbb6f82f2f5f66b53f2bb305256f6c4b81766
  RSBridgeCore: 5f4890ab23d7ea3d41f598d5c61c07058347cd49
  RxCocoa: 2d33c1e1e5d66492052ad46b11024ae287572880
  RxRelay: 335c78b926a2aea8d863a6d25f1ed3b5ad8e8705
  RxSwift: 4e28be97cbcfeee614af26d83415febbf2bf6f45
  SmartCodable: e1ad00634eb72d34e76e8a96cd5382bf4127cee9
  SnapKit: d612e99e678a2d3b95bf60b0705ed0a35c03484a
  TKPermissionKit: 7a4eb4f2ca67c750962e0dcba88b1e779fe81dcf
  YYModel: 2a7fdd96aaa4b86a824e26d0c517de8928c04b30
  ZKBaseSwiftProject: 04cb3fb43a971c6bf0eb4ae718210b114c03daf9

PODFILE CHECKSUM: dee1375513bc92d4f8c74e8ab8905946748a7ec2

COCOAPODS: 1.16.1
